
Microsoft Visual Studio Solution File, Format Version 12.00
# Visual Studio Version 17
VisualStudioVersion = 17.0.31903.59
MinimumVisualStudioVersion = 10.0.40219.1
Project("{2150E333-8FDC-42A3-9474-1A3956D46DE8}") = "src", "src", "{827E0CD3-B72D-47B6-A68D-7590B98EB39B}"
EndProject
Project("{FAE04EC0-301F-11D3-BF4B-00C04F79EFBC}") = "AchievementLabs.Desktop", "src\AchievementLabs.Desktop\AchievementLabs.Desktop.csproj", "{DEF0E494-D5A9-4FDE-B8F4-188C0331A071}"
EndProject
Project("{FAE04EC0-301F-11D3-BF4B-00C04F79EFBC}") = "AchievementLabs.Core", "src\AchievementLabs.Core\AchievementLabs.Core.csproj", "{51AF2E73-C42A-4298-BF2A-C8D060C45B5B}"
EndProject
Project("{FAE04EC0-301F-11D3-BF4B-00C04F79EFBC}") = "AchievementLabs.SteamIdle", "src\AchievementLabs.SteamIdle\AchievementLabs.SteamIdle.csproj", "{E07FE93E-6ECD-45C5-BCF4-336DD7E6B726}"
EndProject
Project("{FAE04EC0-301F-11D3-BF4B-00C04F79EFBC}") = "AchievementLabs.GfwlInjector", "src\AchievementLabs.GfwlInjector\AchievementLabs.GfwlInjector.csproj", "{F0AEAFF2-6568-4242-892F-F459323BD0BE}"
EndProject
Project("{FAE04EC0-301F-11D3-BF4B-00C04F79EFBC}") = "AchievementLabs.Enhancements", "src\AchievementLabs.Enhancements\AchievementLabs.Enhancements.csproj", "{AFC4D8AC-FBC6-4CED-9CED-33BF25DE5AE7}"
EndProject
Project("{FAE04EC0-301F-11D3-BF4B-00C04F79EFBC}") = "AchievementLabs.Enhancements.Tests", "tests\AchievementLabs.Enhancements.Tests\AchievementLabs.Enhancements.Tests.csproj", "{6670026D-417F-4A8F-B740-79EE313EC17D}"
EndProject
Global
	GlobalSection(SolutionConfigurationPlatforms) = preSolution
		Debug|Any CPU = Debug|Any CPU
		Debug|x64 = Debug|x64
		Debug|x86 = Debug|x86
		Release|Any CPU = Release|Any CPU
		Release|x64 = Release|x64
		Release|x86 = Release|x86
	EndGlobalSection
	GlobalSection(ProjectConfigurationPlatforms) = postSolution
		{DEF0E494-D5A9-4FDE-B8F4-188C0331A071}.Debug|Any CPU.ActiveCfg = Debug|Any CPU
		{DEF0E494-D5A9-4FDE-B8F4-188C0331A071}.Debug|Any CPU.Build.0 = Debug|Any CPU
		{DEF0E494-D5A9-4FDE-B8F4-188C0331A071}.Debug|x64.ActiveCfg = Debug|Any CPU
		{DEF0E494-D5A9-4FDE-B8F4-188C0331A071}.Debug|x64.Build.0 = Debug|Any CPU
		{DEF0E494-D5A9-4FDE-B8F4-188C0331A071}.Debug|x86.ActiveCfg = Debug|Any CPU
		{DEF0E494-D5A9-4FDE-B8F4-188C0331A071}.Debug|x86.Build.0 = Debug|Any CPU
		{DEF0E494-D5A9-4FDE-B8F4-188C0331A071}.Release|Any CPU.ActiveCfg = Release|Any CPU
		{DEF0E494-D5A9-4FDE-B8F4-188C0331A071}.Release|Any CPU.Build.0 = Release|Any CPU
		{DEF0E494-D5A9-4FDE-B8F4-188C0331A071}.Release|x64.ActiveCfg = Release|Any CPU
		{DEF0E494-D5A9-4FDE-B8F4-188C0331A071}.Release|x64.Build.0 = Release|Any CPU
		{DEF0E494-D5A9-4FDE-B8F4-188C0331A071}.Release|x86.ActiveCfg = Release|Any CPU
		{DEF0E494-D5A9-4FDE-B8F4-188C0331A071}.Release|x86.Build.0 = Release|Any CPU
		{51AF2E73-C42A-4298-BF2A-C8D060C45B5B}.Debug|Any CPU.ActiveCfg = Debug|Any CPU
		{51AF2E73-C42A-4298-BF2A-C8D060C45B5B}.Debug|Any CPU.Build.0 = Debug|Any CPU
		{51AF2E73-C42A-4298-BF2A-C8D060C45B5B}.Debug|x64.ActiveCfg = Debug|Any CPU
		{51AF2E73-C42A-4298-BF2A-C8D060C45B5B}.Debug|x64.Build.0 = Debug|Any CPU
		{51AF2E73-C42A-4298-BF2A-C8D060C45B5B}.Debug|x86.ActiveCfg = Debug|Any CPU
		{51AF2E73-C42A-4298-BF2A-C8D060C45B5B}.Debug|x86.Build.0 = Debug|Any CPU
		{51AF2E73-C42A-4298-BF2A-C8D060C45B5B}.Release|Any CPU.ActiveCfg = Release|Any CPU
		{51AF2E73-C42A-4298-BF2A-C8D060C45B5B}.Release|Any CPU.Build.0 = Release|Any CPU
		{51AF2E73-C42A-4298-BF2A-C8D060C45B5B}.Release|x64.ActiveCfg = Release|Any CPU
		{51AF2E73-C42A-4298-BF2A-C8D060C45B5B}.Release|x64.Build.0 = Release|Any CPU
		{51AF2E73-C42A-4298-BF2A-C8D060C45B5B}.Release|x86.ActiveCfg = Release|Any CPU
		{51AF2E73-C42A-4298-BF2A-C8D060C45B5B}.Release|x86.Build.0 = Release|Any CPU
		{E07FE93E-6ECD-45C5-BCF4-336DD7E6B726}.Debug|Any CPU.ActiveCfg = Debug|Any CPU
		{E07FE93E-6ECD-45C5-BCF4-336DD7E6B726}.Debug|Any CPU.Build.0 = Debug|Any CPU
		{E07FE93E-6ECD-45C5-BCF4-336DD7E6B726}.Debug|x64.ActiveCfg = Debug|Any CPU
		{E07FE93E-6ECD-45C5-BCF4-336DD7E6B726}.Debug|x64.Build.0 = Debug|Any CPU
		{E07FE93E-6ECD-45C5-BCF4-336DD7E6B726}.Debug|x86.ActiveCfg = Debug|Any CPU
		{E07FE93E-6ECD-45C5-BCF4-336DD7E6B726}.Debug|x86.Build.0 = Debug|Any CPU
		{E07FE93E-6ECD-45C5-BCF4-336DD7E6B726}.Release|Any CPU.ActiveCfg = Release|Any CPU
		{E07FE93E-6ECD-45C5-BCF4-336DD7E6B726}.Release|Any CPU.Build.0 = Release|Any CPU
		{E07FE93E-6ECD-45C5-BCF4-336DD7E6B726}.Release|x64.ActiveCfg = Release|Any CPU
		{E07FE93E-6ECD-45C5-BCF4-336DD7E6B726}.Release|x64.Build.0 = Release|Any CPU
		{E07FE93E-6ECD-45C5-BCF4-336DD7E6B726}.Release|x86.ActiveCfg = Release|Any CPU
		{E07FE93E-6ECD-45C5-BCF4-336DD7E6B726}.Release|x86.Build.0 = Release|Any CPU
		{F0AEAFF2-6568-4242-892F-F459323BD0BE}.Debug|Any CPU.ActiveCfg = Debug|x86
		{F0AEAFF2-6568-4242-892F-F459323BD0BE}.Debug|Any CPU.Build.0 = Debug|x86
		{F0AEAFF2-6568-4242-892F-F459323BD0BE}.Debug|x64.ActiveCfg = Debug|x86
		{F0AEAFF2-6568-4242-892F-F459323BD0BE}.Debug|x64.Build.0 = Debug|x86
		{F0AEAFF2-6568-4242-892F-F459323BD0BE}.Debug|x86.ActiveCfg = Debug|x86
		{F0AEAFF2-6568-4242-892F-F459323BD0BE}.Debug|x86.Build.0 = Debug|x86
		{F0AEAFF2-6568-4242-892F-F459323BD0BE}.Release|Any CPU.ActiveCfg = Release|x86
		{F0AEAFF2-6568-4242-892F-F459323BD0BE}.Release|Any CPU.Build.0 = Release|x86
		{F0AEAFF2-6568-4242-892F-F459323BD0BE}.Release|x64.ActiveCfg = Release|x86
		{F0AEAFF2-6568-4242-892F-F459323BD0BE}.Release|x64.Build.0 = Release|x86
		{F0AEAFF2-6568-4242-892F-F459323BD0BE}.Release|x86.ActiveCfg = Release|x86
		{F0AEAFF2-6568-4242-892F-F459323BD0BE}.Release|x86.Build.0 = Release|x86
		{AFC4D8AC-FBC6-4CED-9CED-33BF25DE5AE7}.Debug|Any CPU.ActiveCfg = Debug|Any CPU
		{AFC4D8AC-FBC6-4CED-9CED-33BF25DE5AE7}.Debug|Any CPU.Build.0 = Debug|Any CPU
		{AFC4D8AC-FBC6-4CED-9CED-33BF25DE5AE7}.Debug|x64.ActiveCfg = Debug|Any CPU
		{AFC4D8AC-FBC6-4CED-9CED-33BF25DE5AE7}.Debug|x64.Build.0 = Debug|Any CPU
		{AFC4D8AC-FBC6-4CED-9CED-33BF25DE5AE7}.Debug|x86.ActiveCfg = Debug|Any CPU
		{AFC4D8AC-FBC6-4CED-9CED-33BF25DE5AE7}.Debug|x86.Build.0 = Debug|Any CPU
		{AFC4D8AC-FBC6-4CED-9CED-33BF25DE5AE7}.Release|Any CPU.ActiveCfg = Release|Any CPU
		{AFC4D8AC-FBC6-4CED-9CED-33BF25DE5AE7}.Release|Any CPU.Build.0 = Release|Any CPU
		{AFC4D8AC-FBC6-4CED-9CED-33BF25DE5AE7}.Release|x64.ActiveCfg = Release|Any CPU
		{AFC4D8AC-FBC6-4CED-9CED-33BF25DE5AE7}.Release|x64.Build.0 = Release|Any CPU
		{AFC4D8AC-FBC6-4CED-9CED-33BF25DE5AE7}.Release|x86.ActiveCfg = Release|Any CPU
		{AFC4D8AC-FBC6-4CED-9CED-33BF25DE5AE7}.Release|x86.Build.0 = Release|Any CPU
		{6670026D-417F-4A8F-B740-79EE313EC17D}.Debug|Any CPU.ActiveCfg = Debug|Any CPU
		{6670026D-417F-4A8F-B740-79EE313EC17D}.Debug|Any CPU.Build.0 = Debug|Any CPU
		{6670026D-417F-4A8F-B740-79EE313EC17D}.Debug|x64.ActiveCfg = Debug|Any CPU
		{6670026D-417F-4A8F-B740-79EE313EC17D}.Debug|x64.Build.0 = Debug|Any CPU
		{6670026D-417F-4A8F-B740-79EE313EC17D}.Debug|x86.ActiveCfg = Debug|Any CPU
		{6670026D-417F-4A8F-B740-79EE313EC17D}.Debug|x86.Build.0 = Debug|Any CPU
		{6670026D-417F-4A8F-B740-79EE313EC17D}.Release|Any CPU.ActiveCfg = Release|Any CPU
		{6670026D-417F-4A8F-B740-79EE313EC17D}.Release|Any CPU.Build.0 = Release|Any CPU
		{6670026D-417F-4A8F-B740-79EE313EC17D}.Release|x64.ActiveCfg = Release|Any CPU
		{6670026D-417F-4A8F-B740-79EE313EC17D}.Release|x64.Build.0 = Release|Any CPU
		{6670026D-417F-4A8F-B740-79EE313EC17D}.Release|x86.ActiveCfg = Release|Any CPU
		{6670026D-417F-4A8F-B740-79EE313EC17D}.Release|x86.Build.0 = Release|Any CPU
	EndGlobalSection
	GlobalSection(SolutionProperties) = preSolution
		HideSolutionNode = FALSE
	EndGlobalSection
	GlobalSection(NestedProjects) = preSolution
		{DEF0E494-D5A9-4FDE-B8F4-188C0331A071} = {827E0CD3-B72D-47B6-A68D-7590B98EB39B}
		{51AF2E73-C42A-4298-BF2A-C8D060C45B5B} = {827E0CD3-B72D-47B6-A68D-7590B98EB39B}
		{E07FE93E-6ECD-45C5-BCF4-336DD7E6B726} = {827E0CD3-B72D-47B6-A68D-7590B98EB39B}
		{F0AEAFF2-6568-4242-892F-F459323BD0BE} = {827E0CD3-B72D-47B6-A68D-7590B98EB39B}
		{AFC4D8AC-FBC6-4CED-9CED-33BF25DE5AE7} = {827E0CD3-B72D-47B6-A68D-7590B98EB39B}
		{6670026D-417F-4A8F-B740-79EE313EC17D} = {827E0CD3-B72D-47B6-A68D-7590B98EB39B}
	EndGlobalSection
EndGlobal
